
Microsoft Visual Studio Solution File, Format Version 11.00
# Visual Studio 2010
Project("{FAE04EC0-301F-11D3-BF4B-00C04F79EFBC}") = "Assembly-CSharp", "Assembly-CSharp.csproj", "{8b1ae8d2-eca6-1afd-6183-fabb1b589f10}"
EndProject
Project("{FAE04EC0-301F-11D3-BF4B-00C04F79EFBC}") = "Assembly-CSharp-Editor", "Assembly-CSharp-Editor.csproj", "{2e5bbf4e-a020-1f30-3c06-ba488a04b0b0}"
EndProject
Global
	GlobalSection(SolutionConfigurationPlatforms) = preSolution
		Debug|Any CPU = Debug|Any CPU
	EndGlobalSection
	GlobalSection(ProjectConfigurationPlatforms) = postSolution
		{8b1ae8d2-eca6-1afd-6183-fabb1b589f10}.Debug|Any CPU.ActiveCfg = Debug|Any CPU
		{8b1ae8d2-eca6-1afd-6183-fabb1b589f10}.Debug|Any CPU.Build.0 = Debug|Any CPU
		{2e5bbf4e-a020-1f30-3c06-ba488a04b0b0}.Debug|Any CPU.ActiveCfg = Debug|Any CPU
		{2e5bbf4e-a020-1f30-3c06-ba488a04b0b0}.Debug|Any CPU.Build.0 = Debug|Any CPU
	EndGlobalSection
	GlobalSection(SolutionProperties) = preSolution
		HideSolutionNode = FALSE
	EndGlobalSection
EndGlobal
